
Microsoft Visual Studio Solution File, Format Version 12.00
# Visual Studio Version 17
VisualStudioVersion = 17.2.32602.215
MinimumVisualStudioVersion = 10.0.40219.1
Project("{FAE04EC0-301F-11D3-BF4B-00C04F79EFBC}") = "todoList.Business", "todoList.Business\todoList.Business.csproj", "{2C919DC1-CBDD-4D02-AB9D-C74DB0251BCC}"
EndProject
Project("{FAE04EC0-301F-11D3-BF4B-00C04F79EFBC}") = "todoList.DataAccess", "todoList.DataAccess\todoList.DataAccess.csproj", "{02D67A2E-D757-4774-B34C-2B20B67A3EBB}"
EndProject
Project("{FAE04EC0-301F-11D3-BF4B-00C04F79EFBC}") = "todoList.Entities", "todoList.Entities\todoList.Entities.csproj", "{921446D6-8526-4D9C-8725-26B2DD2153C5}"
EndProject
Project("{FAE04EC0-301F-11D3-BF4B-00C04F79EFBC}") = "todoList.DTOS", "todoList.DTOS\todoList.DTOS.csproj", "{9321BA93-06EC-4E14-BA88-4C1BDFE2CEEB}"
EndProject
Project("{FAE04EC0-301F-11D3-BF4B-00C04F79EFBC}") = "todoList.Web", "todoList.Web\todoList.Web.csproj", "{00191181-8204-4F4E-AB00-1F3B0741F74D}"
EndProject
Global
	GlobalSection(SolutionConfigurationPlatforms) = preSolution
		Debug|Any CPU = Debug|Any CPU
		Release|Any CPU = Release|Any CPU
	EndGlobalSection
	GlobalSection(ProjectConfigurationPlatforms) = postSolution
		{2C919DC1-CBDD-4D02-AB9D-C74DB0251BCC}.Debug|Any CPU.ActiveCfg = Debug|Any CPU
		{2C919DC1-CBDD-4D02-AB9D-C74DB0251BCC}.Debug|Any CPU.Build.0 = Debug|Any CPU
		{2C919DC1-CBDD-4D02-AB9D-C74DB0251BCC}.Release|Any CPU.ActiveCfg = Release|Any CPU
		{2C919DC1-CBDD-4D02-AB9D-C74DB0251BCC}.Release|Any CPU.Build.0 = Release|Any CPU
		{02D67A2E-D757-4774-B34C-2B20B67A3EBB}.Debug|Any CPU.ActiveCfg = Debug|Any CPU
		{02D67A2E-D757-4774-B34C-2B20B67A3EBB}.Debug|Any CPU.Build.0 = Debug|Any CPU
		{02D67A2E-D757-4774-B34C-2B20B67A3EBB}.Release|Any CPU.ActiveCfg = Release|Any CPU
		{02D67A2E-D757-4774-B34C-2B20B67A3EBB}.Release|Any CPU.Build.0 = Release|Any CPU
		{921446D6-8526-4D9C-8725-26B2DD2153C5}.Debug|Any CPU.ActiveCfg = Debug|Any CPU
		{921446D6-8526-4D9C-8725-26B2DD2153C5}.Debug|Any CPU.Build.0 = Debug|Any CPU
		{921446D6-8526-4D9C-8725-26B2DD2153C5}.Release|Any CPU.ActiveCfg = Release|Any CPU
		{921446D6-8526-4D9C-8725-26B2DD2153C5}.Release|Any CPU.Build.0 = Release|Any CPU
		{9321BA93-06EC-4E14-BA88-4C1BDFE2CEEB}.Debug|Any CPU.ActiveCfg = Debug|Any CPU
		{9321BA93-06EC-4E14-BA88-4C1BDFE2CEEB}.Debug|Any CPU.Build.0 = Debug|Any CPU
		{9321BA93-06EC-4E14-BA88-4C1BDFE2CEEB}.Release|Any CPU.ActiveCfg = Release|Any CPU
		{9321BA93-06EC-4E14-BA88-4C1BDFE2CEEB}.Release|Any CPU.Build.0 = Release|Any CPU
		{00191181-8204-4F4E-AB00-1F3B0741F74D}.Debug|Any CPU.ActiveCfg = Debug|Any CPU
		{00191181-8204-4F4E-AB00-1F3B0741F74D}.Debug|Any CPU.Build.0 = Debug|Any CPU
		{00191181-8204-4F4E-AB00-1F3B0741F74D}.Release|Any CPU.ActiveCfg = Release|Any CPU
		{00191181-8204-4F4E-AB00-1F3B0741F74D}.Release|Any CPU.Build.0 = Release|Any CPU
	EndGlobalSection
	GlobalSection(SolutionProperties) = preSolution
		HideSolutionNode = FALSE
	EndGlobalSection
	GlobalSection(ExtensibilityGlobals) = postSolution
		SolutionGuid = {DB753AC1-4874-4F2C-AD14-BDF3C3001F50}
	EndGlobalSection
EndGlobal
